
Microsoft Visual Studio Solution File, Format Version 12.00
# Visual Studio Version 16
VisualStudioVersion = 16.0.30804.86
MinimumVisualStudioVersion = 10.0.40219.1
Project("{FAE04EC0-301F-11D3-BF4B-00C04F79EFBC}") = "CalcWithUnitTest", "CalcWithUnitTest\CalcWithUnitTest.csproj", "{525B0E22-E76F-4523-ACE9-19AFAE3B09E3}"
EndProject
Project("{FAE04EC0-301F-11D3-BF4B-00C04F79EFBC}") = "UnitTestCalculator", "UnitTestCalculator\UnitTestCalculator.csproj", "{BB45A686-0E8A-43EA-8B37-30A2A9975096}"
EndProject
Global
	GlobalSection(SolutionConfigurationPlatforms) = preSolution
		Debug|Any CPU = Debug|Any CPU
		Release|Any CPU = Release|Any CPU
	EndGlobalSection
	GlobalSection(ProjectConfigurationPlatforms) = postSolution
		{525B0E22-E76F-4523-ACE9-19AFAE3B09E3}.Debug|Any CPU.ActiveCfg = Debug|Any CPU
		{525B0E22-E76F-4523-ACE9-19AFAE3B09E3}.Debug|Any CPU.Build.0 = Debug|Any CPU
		{525B0E22-E76F-4523-ACE9-19AFAE3B09E3}.Release|Any CPU.ActiveCfg = Release|Any CPU
		{525B0E22-E76F-4523-ACE9-19AFAE3B09E3}.Release|Any CPU.Build.0 = Release|Any CPU
		{BB45A686-0E8A-43EA-8B37-30A2A9975096}.Debug|Any CPU.ActiveCfg = Debug|Any CPU
		{BB45A686-0E8A-43EA-8B37-30A2A9975096}.Debug|Any CPU.Build.0 = Debug|Any CPU
		{BB45A686-0E8A-43EA-8B37-30A2A9975096}.Release|Any CPU.ActiveCfg = Release|Any CPU
		{BB45A686-0E8A-43EA-8B37-30A2A9975096}.Release|Any CPU.Build.0 = Release|Any CPU
	EndGlobalSection
	GlobalSection(SolutionProperties) = preSolution
		HideSolutionNode = FALSE
	EndGlobalSection
	GlobalSection(ExtensibilityGlobals) = postSolution
		SolutionGuid = {829543EE-D66B-4731-AF9A-2B06DC39C4E8}
	EndGlobalSection
EndGlobal
